
Microsoft Visual Studio Solution File, Format Version 12.00
# Visual Studio Version 17
VisualStudioVersion = 17.0.31903.59
MinimumVisualStudioVersion = 10.0.40219.1
Project("{FAE04EC0-301F-11D3-BF4B-00C04F79EFBC}") = "API", "API\API.csproj", "{4F811721-194E-4D36-8A6F-FDBD0986A546}"
EndProject
Project("{FAE04EC0-301F-11D3-BF4B-00C04F79EFBC}") = "Application", "Application\Application.csproj", "{89AAE0A7-FE25-4061-9918-BB27528AE622}"
EndProject
Project("{FAE04EC0-301F-11D3-BF4B-00C04F79EFBC}") = "Domain", "Domain\Domain.csproj", "{32D3996B-FA38-422E-B602-605161A224D4}"
EndProject
Project("{FAE04EC0-301F-11D3-BF4B-00C04F79EFBC}") = "Persistence", "Persistence\Persistence.csproj", "{763EF1B5-42C5-44E8-B704-013FF148B877}"
EndProject
Global
	GlobalSection(SolutionConfigurationPlatforms) = preSolution
		Debug|Any CPU = Debug|Any CPU
		Release|Any CPU = Release|Any CPU
	EndGlobalSection
	GlobalSection(SolutionProperties) = preSolution
		HideSolutionNode = FALSE
	EndGlobalSection
	GlobalSection(ProjectConfigurationPlatforms) = postSolution
		{4F811721-194E-4D36-8A6F-FDBD0986A546}.Debug|Any CPU.ActiveCfg = Debug|Any CPU
		{4F811721-194E-4D36-8A6F-FDBD0986A546}.Debug|Any CPU.Build.0 = Debug|Any CPU
		{4F811721-194E-4D36-8A6F-FDBD0986A546}.Release|Any CPU.ActiveCfg = Release|Any CPU
		{4F811721-194E-4D36-8A6F-FDBD0986A546}.Release|Any CPU.Build.0 = Release|Any CPU
		{89AAE0A7-FE25-4061-9918-BB27528AE622}.Debug|Any CPU.ActiveCfg = Debug|Any CPU
		{89AAE0A7-FE25-4061-9918-BB27528AE622}.Debug|Any CPU.Build.0 = Debug|Any CPU
		{89AAE0A7-FE25-4061-9918-BB27528AE622}.Release|Any CPU.ActiveCfg = Release|Any CPU
		{89AAE0A7-FE25-4061-9918-BB27528AE622}.Release|Any CPU.Build.0 = Release|Any CPU
		{32D3996B-FA38-422E-B602-605161A224D4}.Debug|Any CPU.ActiveCfg = Debug|Any CPU
		{32D3996B-FA38-422E-B602-605161A224D4}.Debug|Any CPU.Build.0 = Debug|Any CPU
		{32D3996B-FA38-422E-B602-605161A224D4}.Release|Any CPU.ActiveCfg = Release|Any CPU
		{32D3996B-FA38-422E-B602-605161A224D4}.Release|Any CPU.Build.0 = Release|Any CPU
		{763EF1B5-42C5-44E8-B704-013FF148B877}.Debug|Any CPU.ActiveCfg = Debug|Any CPU
		{763EF1B5-42C5-44E8-B704-013FF148B877}.Debug|Any CPU.Build.0 = Debug|Any CPU
		{763EF1B5-42C5-44E8-B704-013FF148B877}.Release|Any CPU.ActiveCfg = Release|Any CPU
		{763EF1B5-42C5-44E8-B704-013FF148B877}.Release|Any CPU.Build.0 = Release|Any CPU
	EndGlobalSection
EndGlobal
